
Microsoft Visual Studio Solution File, Format Version 12.00
# Visual Studio 15
VisualStudioVersion = 15.0.28307.136
MinimumVisualStudioVersion = 10.0.40219.1
Project("{FAE04EC0-301F-11D3-BF4B-00C04F79EFBC}") = "DogDrip", "DogDrip\DogDrip.csproj", "{A5AA8ACB-49C2-4843-B2A3-DDCEA4A472EA}"
	ProjectSection(ProjectDependencies) = postProject
		{FF71E607-B300-4D9D-8021-2BF4DBB7FCEE} = {FF71E607-B300-4D9D-8021-2BF4DBB7FCEE}
		{C78F31C0-EC07-4194-90D4-9CB771AD41A1} = {C78F31C0-EC07-4194-90D4-9CB771AD41A1}
	EndProjectSection
EndProject
Project("{FAE04EC0-301F-11D3-BF4B-00C04F79EFBC}") = "BondTech.HotKeyManager.WPF", "BondTech.HotKeyManager.WPF\BondTech.HotKeyManager.WPF.csproj", "{FF71E607-B300-4D9D-8021-2BF4DBB7FCEE}"
EndProject
Project("{FAE04EC0-301F-11D3-BF4B-00C04F79EFBC}") = "BondTech.HotKeyManagement.WPF.4", "BondTech.HotKeyManagement.WPF.4\BondTech.HotKeyManagement.WPF.4.csproj", "{C78F31C0-EC07-4194-90D4-9CB771AD41A1}"
EndProject
Global
	GlobalSection(SolutionConfigurationPlatforms) = preSolution
		Debug|Any CPU = Debug|Any CPU
		Release|Any CPU = Release|Any CPU
	EndGlobalSection
	GlobalSection(ProjectConfigurationPlatforms) = postSolution
		{A5AA8ACB-49C2-4843-B2A3-DDCEA4A472EA}.Debug|Any CPU.ActiveCfg = Debug|Any CPU
		{A5AA8ACB-49C2-4843-B2A3-DDCEA4A472EA}.Debug|Any CPU.Build.0 = Debug|Any CPU
		{A5AA8ACB-49C2-4843-B2A3-DDCEA4A472EA}.Release|Any CPU.ActiveCfg = Release|Any CPU
		{A5AA8ACB-49C2-4843-B2A3-DDCEA4A472EA}.Release|Any CPU.Build.0 = Release|Any CPU
		{FF71E607-B300-4D9D-8021-2BF4DBB7FCEE}.Debug|Any CPU.ActiveCfg = Debug|Any CPU
		{FF71E607-B300-4D9D-8021-2BF4DBB7FCEE}.Debug|Any CPU.Build.0 = Debug|Any CPU
		{FF71E607-B300-4D9D-8021-2BF4DBB7FCEE}.Release|Any CPU.ActiveCfg = Release|Any CPU
		{FF71E607-B300-4D9D-8021-2BF4DBB7FCEE}.Release|Any CPU.Build.0 = Release|Any CPU
		{C78F31C0-EC07-4194-90D4-9CB771AD41A1}.Debug|Any CPU.ActiveCfg = Debug|Any CPU
		{C78F31C0-EC07-4194-90D4-9CB771AD41A1}.Debug|Any CPU.Build.0 = Debug|Any CPU
		{C78F31C0-EC07-4194-90D4-9CB771AD41A1}.Release|Any CPU.ActiveCfg = Release|Any CPU
		{C78F31C0-EC07-4194-90D4-9CB771AD41A1}.Release|Any CPU.Build.0 = Release|Any CPU
	EndGlobalSection
	GlobalSection(SolutionProperties) = preSolution
		HideSolutionNode = FALSE
	EndGlobalSection
	GlobalSection(ExtensibilityGlobals) = postSolution
		SolutionGuid = {116E475F-62DE-4E7F-AF42-3E8424FCEEDF}
	EndGlobalSection
EndGlobal
